
Microsoft Visual Studio Solution File, Format Version 12.00
# Visual Studio Version 16
VisualStudioVersion = 16.0.30907.101
MinimumVisualStudioVersion = 10.0.40219.1
Project("{FAE04EC0-301F-11D3-BF4B-00C04F79EFBC}") = "WebServer", "WebServer.csproj", "{8436884B-837F-4FEE-828F-604FCF633CD6}"
EndProject
Global
	GlobalSection(SolutionConfigurationPlatforms) = preSolution
		Debug|Any CPU = Debug|Any CPU
		Release|Any CPU = Release|Any CPU
	EndGlobalSection
	GlobalSection(ProjectConfigurationPlatforms) = postSolution
		{8436884B-837F-4FEE-828F-604FCF633CD6}.Debug|Any CPU.ActiveCfg = Debug|Any CPU
		{8436884B-837F-4FEE-828F-604FCF633CD6}.Debug|Any CPU.Build.0 = Debug|Any CPU
		{8436884B-837F-4FEE-828F-604FCF633CD6}.Release|Any CPU.ActiveCfg = Release|Any CPU
		{8436884B-837F-4FEE-828F-604FCF633CD6}.Release|Any CPU.Build.0 = Release|Any CPU
	EndGlobalSection
	GlobalSection(SolutionProperties) = preSolution
		HideSolutionNode = FALSE
	EndGlobalSection
	GlobalSection(ExtensibilityGlobals) = postSolution
		SolutionGuid = {6B79E420-C6C3-4715-9784-FC3C9CEBC42F}
	EndGlobalSection
EndGlobal
